<?xml version="1.0" encoding="utf-8"?>
<Project ToolsVersion="4.0" xmlns="http://schemas.microsoft.com/developer/msbuild/2003">
  <ItemGroup>
    <Filter Include="Source Files">
      <UniqueIdentifier>{4FC737F1-C7A5-4376-A066-2A32D752A2FF}</UniqueIdentifier>
      <Extensions>qml;cpp;c;cc;cxx;def;odl;idl;hpj;bat;asm;asmx</Extensions>
    </Filter>
    <Filter Include="Header Files">
      <UniqueIdentifier>{93995380-89BD-4b04-88EB-625FBE52EBFB}</UniqueIdentifier>
      <Extensions>h;hh;hpp;hxx;hm;inl;inc;xsd</Extensions>
    </Filter>
    <Filter Include="Resource Files">
      <UniqueIdentifier>{67DA6AB6-F800-4c08-8B7A-83BB121AAD01}</UniqueIdentifier>
      <Extensions>qrc;rc;ico;cur;bmp;dlg;rc2;rct;bin;rgs;gif;jpg;jpeg;jpe;resx;tiff;tif;png;wav;mfcribbon-ms</Extensions>
    </Filter>
    <Filter Include="Form Files">
      <UniqueIdentifier>{99349809-55BA-4b9d-BF79-8FDBB0286EB3}</UniqueIdentifier>
      <Extensions>ui</Extensions>
    </Filter>
    <Filter Include="Translation Files">
      <UniqueIdentifier>{639EADAA-A684-42e4-A9AD-28FC9BCB8F7C}</UniqueIdentifier>
      <Extensions>ts</Extensions>
    </Filter>
    <Filter Include="Header Files\StepOptimizer">
      <UniqueIdentifier>{279ccff7-89cb-4470-b18a-820ff6f53f82}</UniqueIdentifier>
    </Filter>
    <Filter Include="Source Files\StepOptimizer">
      <UniqueIdentifier>{d139d4df-e549-4714-8a68-8b150d6acc6b}</UniqueIdentifier>
    </Filter>
    <Filter Include="Header Files\Utils">
      <UniqueIdentifier>{4a9dec8e-0a46-4170-83cb-3473947e525e}</UniqueIdentifier>
    </Filter>
    <Filter Include="Header Files\ColorCluster">
      <UniqueIdentifier>{2f86ff22-52fc-40e9-a878-0bda251cd764}</UniqueIdentifier>
    </Filter>
    <Filter Include="Source Files\ColorCluster">
      <UniqueIdentifier>{ce36b4db-2f09-4b89-9564-4a97e516633a}</UniqueIdentifier>
    </Filter>
    <Filter Include="Header Files\Encryption">
      <UniqueIdentifier>{44fe3710-6d05-45bf-9de0-c1b731c7b561}</UniqueIdentifier>
    </Filter>
    <Filter Include="Source Files\Encryption">
      <UniqueIdentifier>{a1ea32a1-6b13-4222-8ec5-5e7b8d703843}</UniqueIdentifier>
    </Filter>
  </ItemGroup>
  <ItemGroup>
    <QtRcc Include="RobotApp.qrc">
      <Filter>Resource Files</Filter>
    </QtRcc>
    <QtUic Include="RobotApp.ui">
      <Filter>Form Files</Filter>
    </QtUic>
    <QtMoc Include="RobotApp.h">
      <Filter>Header Files</Filter>
    </QtMoc>
    <ClCompile Include="RobotApp.cpp">
      <Filter>Source Files</Filter>
    </ClCompile>
    <None Include="RobotApp.ico">
      <Filter>Resource Files</Filter>
    </None>
    <ResourceCompile Include="RobotApp.rc">
      <Filter>Resource Files</Filter>
    </ResourceCompile>
  </ItemGroup>
  <ItemGroup>
    <ClCompile Include="main.cpp">
      <Filter>Source Files</Filter>
    </ClCompile>
    <ClCompile Include="StepOptimizer.cpp">
      <Filter>Source Files\StepOptimizer</Filter>
    </ClCompile>
    <ClCompile Include="Coord.cpp">
      <Filter>Source Files\StepOptimizer</Filter>
    </ClCompile>
    <ClCompile Include="Cubie.cpp">
      <Filter>Source Files\StepOptimizer</Filter>
    </ClCompile>
    <ClCompile Include="Face.cpp">
      <Filter>Source Files\StepOptimizer</Filter>
    </ClCompile>
    <ClCompile Include="HandStep.cpp">
      <Filter>Source Files\StepOptimizer</Filter>
    </ClCompile>
    <ClCompile Include="Move.cpp">
      <Filter>Source Files\StepOptimizer</Filter>
    </ClCompile>
    <ClCompile Include="Prun.cpp">
      <Filter>Source Files\StepOptimizer</Filter>
    </ClCompile>
    <ClCompile Include="RobotStep.cpp">
      <Filter>Source Files\StepOptimizer</Filter>
    </ClCompile>
    <ClCompile Include="Sym.cpp">
      <Filter>Source Files\StepOptimizer</Filter>
    </ClCompile>
    <ClCompile Include="ColorCluster.cpp">
      <Filter>Source Files\ColorCluster</Filter>
    </ClCompile>
    <ClCompile Include="..\..\Libs\aes\QAESEncryption.cpp">
      <Filter>Source Files\Encryption</Filter>
    </ClCompile>
    <ClCompile Include="Cube.cpp">
      <Filter>Source Files\ColorCluster</Filter>
    </ClCompile>
    <ClCompile Include="LabelWidget.cpp">
      <Filter>Source Files</Filter>
    </ClCompile>
    <ClCompile Include="LabelWindow.cpp">
      <Filter>Source Files</Filter>
    </ClCompile>
    <ClCompile Include="LabelWidget.cpp">
      <Filter>Source Files</Filter>
    </ClCompile>
  </ItemGroup>
  <ItemGroup>
    <ClInclude Include="Coord.h">
      <Filter>Header Files\StepOptimizer</Filter>
    </ClInclude>
    <ClInclude Include="Cubie.h">
      <Filter>Header Files\StepOptimizer</Filter>
    </ClInclude>
    <ClInclude Include="Face.h">
      <Filter>Header Files\StepOptimizer</Filter>
    </ClInclude>
    <ClInclude Include="HandStep.h">
      <Filter>Header Files\StepOptimizer</Filter>
    </ClInclude>
    <ClInclude Include="Prun.h">
      <Filter>Header Files\StepOptimizer</Filter>
    </ClInclude>
    <ClInclude Include="RobotStep.h">
      <Filter>Header Files\StepOptimizer</Filter>
    </ClInclude>
    <ClInclude Include="Sym.h">
      <Filter>Header Files\StepOptimizer</Filter>
    </ClInclude>
    <ClInclude Include="StepOptimizer.h">
      <Filter>Header Files\StepOptimizer</Filter>
    </ClInclude>
    <ClInclude Include="Move.h">
      <Filter>Header Files\StepOptimizer</Filter>
    </ClInclude>
    <ClInclude Include="FileUtils.hpp">
      <Filter>Header Files\Utils</Filter>
    </ClInclude>
    <ClInclude Include="AuthUtils.hpp">
      <Filter>Header Files\Utils</Filter>
    </ClInclude>
    <ClInclude Include="ColorCluster.h">
      <Filter>Header Files\ColorCluster</Filter>
    </ClInclude>
    <ClInclude Include="Cube.h">
      <Filter>Header Files\ColorCluster</Filter>
    </ClInclude>
    <ClInclude Include="ImgUtils.hpp">
      <Filter>Header Files\Utils</Filter>
    </ClInclude>
  </ItemGroup>
  <ItemGroup>
    <QtMoc Include="..\..\Libs\aes\QAESEncryption.h">
      <Filter>Header Files\Encryption</Filter>
    </QtMoc>
    <QtMoc Include="LabelWindow.h">
      <Filter>Header Files</Filter>
    </QtMoc>
    <QtMoc Include="LabelWidget.h">
      <Filter>Header Files</Filter>
    </QtMoc>
  </ItemGroup>
  <ItemGroup>
    <QtUic Include="LabelWindow.ui">
      <Filter>Form Files</Filter>
    </QtUic>
  </ItemGroup>
</Project>